
Microsoft Visual Studio Solution File, Format Version 12.00
# Visual Studio 2015
Project("{FAE04EC0-301F-11D3-BF4B-00C04F79EFBC}") = "MapGeneration.CSharp.Plugins", "MapGeneration.CSharp.Plugins.csproj", "{A45F48A6-8A28-3B4B-141F-EFC6D673958D}"
EndProject
Project("{FAE04EC0-301F-11D3-BF4B-00C04F79EFBC}") = "MapGeneration.CSharp", "MapGeneration.CSharp.csproj", "{07C00633-CB23-ED66-ED0B-76879EFD6EF1}"
EndProject
Project("{FAE04EC0-301F-11D3-BF4B-00C04F79EFBC}") = "MapGeneration.CSharp.Editor", "MapGeneration.CSharp.Editor.csproj", "{A180C6E4-D0D6-97A6-AE21-0AE99A8CD56F}"
EndProject
Global
	GlobalSection(SolutionConfigurationPlatforms) = preSolution
		Debug|Any CPU = Debug|Any CPU
		Release|Any CPU = Release|Any CPU
	EndGlobalSection
	GlobalSection(ProjectConfigurationPlatforms) = postSolution
		{A45F48A6-8A28-3B4B-141F-EFC6D673958D}.Debug|Any CPU.ActiveCfg = Debug|Any CPU
		{A45F48A6-8A28-3B4B-141F-EFC6D673958D}.Debug|Any CPU.Build.0 = Debug|Any CPU
		{A45F48A6-8A28-3B4B-141F-EFC6D673958D}.Release|Any CPU.ActiveCfg = Release|Any CPU
		{A45F48A6-8A28-3B4B-141F-EFC6D673958D}.Release|Any CPU.Build.0 = Release|Any CPU
		{07C00633-CB23-ED66-ED0B-76879EFD6EF1}.Debug|Any CPU.ActiveCfg = Debug|Any CPU
		{07C00633-CB23-ED66-ED0B-76879EFD6EF1}.Debug|Any CPU.Build.0 = Debug|Any CPU
		{07C00633-CB23-ED66-ED0B-76879EFD6EF1}.Release|Any CPU.ActiveCfg = Release|Any CPU
		{07C00633-CB23-ED66-ED0B-76879EFD6EF1}.Release|Any CPU.Build.0 = Release|Any CPU
		{A180C6E4-D0D6-97A6-AE21-0AE99A8CD56F}.Debug|Any CPU.ActiveCfg = Debug|Any CPU
		{A180C6E4-D0D6-97A6-AE21-0AE99A8CD56F}.Debug|Any CPU.Build.0 = Debug|Any CPU
		{A180C6E4-D0D6-97A6-AE21-0AE99A8CD56F}.Release|Any CPU.ActiveCfg = Release|Any CPU
		{A180C6E4-D0D6-97A6-AE21-0AE99A8CD56F}.Release|Any CPU.Build.0 = Release|Any CPU
	EndGlobalSection
	GlobalSection(SolutionProperties) = preSolution
		HideSolutionNode = FALSE
	EndGlobalSection
EndGlobal
